Microsoft Visual Studio Solution File, Format Version 12.00
# Visual Studio Version 17
VisualStudioVersion = 17.5.2.0
MinimumVisualStudioVersion = 10.0.40219.1
Project("{FAE04EC0-301F-11D3-BF4B-00C04F79EFBC}") = "Divide_and_Conquer", "Divide_and_Conquer.csproj", "{AFAC4FDC-AFA7-D0E0-18C6-9A091D4E931D}"
EndProject
Global
	GlobalSection(SolutionConfigurationPlatforms) = preSolution
		Debug|Any CPU = Debug|Any CPU
		Release|Any CPU = Release|Any CPU
	EndGlobalSection
	GlobalSection(ProjectConfigurationPlatforms) = postSolution
		{AFAC4FDC-AFA7-D0E0-18C6-9A091D4E931D}.Debug|Any CPU.ActiveCfg = Debug|Any CPU
		{AFAC4FDC-AFA7-D0E0-18C6-9A091D4E931D}.Debug|Any CPU.Build.0 = Debug|Any CPU
		{AFAC4FDC-AFA7-D0E0-18C6-9A091D4E931D}.Release|Any CPU.ActiveCfg = Release|Any CPU
		{AFAC4FDC-AFA7-D0E0-18C6-9A091D4E931D}.Release|Any CPU.Build.0 = Release|Any CPU
	EndGlobalSection
	GlobalSection(SolutionProperties) = preSolution
		HideSolutionNode = FALSE
	EndGlobalSection
	GlobalSection(ExtensibilityGlobals) = postSolution
		SolutionGuid = {2F41DFB2-CE04-4AD3-A10A-7BA2E82779BA}
	EndGlobalSection
EndGlobal
